schema: '2.0'
stages:
  load_data:
    cmd: python src/load_data.py --config=params.yaml
    deps:
    - path: data_given/winequality.csv
      md5: 8f2d59e0bce29ccd38cba372e1c7c85e
      size: 85742
    - path: src/get_data.py
      md5: 9807229243445fdcaad80da460d8fde9
      size: 718
    - path: src/load_data.py
      md5: 98a593fb546e37ce5340c0a08105be08
      size: 702
    outs:
    - path: data/raw/winequality.csv
      md5: 9d6e4e6ba1a4146fa57fbb723717152c
      size: 93568
  split_data:
    cmd: python src/split_data.py --config=params.yaml
    deps:
    - path: data/raw/winequality.csv
      md5: 9d6e4e6ba1a4146fa57fbb723717152c
      size: 93568
    - path: src/split_data.py
      md5: fe813256ed15f7dff4aed5d7a622d482
      size: 1159
    outs:
    - path: data/processed/test_winequality.csv
      md5: 01718da3bd6e206060ed00667ca1a389
      size: 18831
    - path: data/processed/train_winequality.csv
      md5: 614e5bf32e40315b60c7c6f967be0feb
      size: 74883
